// !$*UTF8*$!
{
	archiveVersion = 1;
	classes = {
	};
	objectVersion = 56;
	objects = {

/* Begin PBXBuildFile section */
		4427C2C42BD1960100F96D8C /* SaveToolBarButton.swift in Sources */ = {isa = PBXBuildFile; fileRef = 4427C2C32BD1960100F96D8C /* SaveToolBarButton.swift */; };
		4427C2C72BD1A27A00F96D8C /* AccesibilityHints.swift in Sources */ = {isa = PBXBuildFile; fileRef = 4427C2C62BD1A27A00F96D8C /* AccesibilityHints.swift */; };
		444548D62BCEF143001196A4 /* APIModel.swift in Sources */ = {isa = PBXBuildFile; fileRef = 444548D52BCEF143001196A4 /* APIModel.swift */; };
		444548D82BCEF1AC001196A4 /* EnumsModel.swift in Sources */ = {isa = PBXBuildFile; fileRef = 444548D72BCEF1AC001196A4 /* EnumsModel.swift */; };
		444548DA2BCEF2BB001196A4 /* Model.swift in Sources */ = {isa = PBXBuildFile; fileRef = 444548D92BCEF2BB001196A4 /* Model.swift */; };
		444548DC2BCEF4B1001196A4 /* APIPostModel.swift in Sources */ = {isa = PBXBuildFile; fileRef = 444548DB2BCEF4B1001196A4 /* APIPostModel.swift */; };
		444548DF2BCEF7D3001196A4 /* URL.swift in Sources */ = {isa = PBXBuildFile; fileRef = 444548DE2BCEF7D3001196A4 /* URL.swift */; };
		444548E12BCF0043001196A4 /* URLRequests.swift in Sources */ = {isa = PBXBuildFile; fileRef = 444548E02BCF0043001196A4 /* URLRequests.swift */; };
		444548E32BCF09E5001196A4 /* NetworkError.swift in Sources */ = {isa = PBXBuildFile; fileRef = 444548E22BCF09E5001196A4 /* NetworkError.swift */; };
		444548E52BCF0A3F001196A4 /* URLSession.swift in Sources */ = {isa = PBXBuildFile; fileRef = 444548E42BCF0A3F001196A4 /* URLSession.swift */; };
		444548E72BCF0AF0001196A4 /* NetworkInteractor.swift in Sources */ = {isa = PBXBuildFile; fileRef = 444548E62BCF0AF0001196A4 /* NetworkInteractor.swift */; };
		444548EA2BCF0FA2001196A4 /* Network.swift in Sources */ = {isa = PBXBuildFile; fileRef = 444548E92BCF0FA2001196A4 /* Network.swift */; };
		444548ED2BCF1727001196A4 /* EmpleadosVM.swift in Sources */ = {isa = PBXBuildFile; fileRef = 444548EC2BCF1727001196A4 /* EmpleadosVM.swift */; };
		445D7FBE2BCEF016009DDB80 /* EmpleadosAPIApp.swift in Sources */ = {isa = PBXBuildFile; fileRef = 445D7FBD2BCEF016009DDB80 /* EmpleadosAPIApp.swift */; };
		445D7FC02BCEF016009DDB80 /* ContentView.swift in Sources */ = {isa = PBXBuildFile; fileRef = 445D7FBF2BCEF016009DDB80 /* ContentView.swift */; };
		445D7FC22BCEF018009DDB80 /* Assets.xcassets in Resources */ = {isa = PBXBuildFile; fileRef = 445D7FC12BCEF018009DDB80 /* Assets.xcassets */; };
		445D7FC52BCEF018009DDB80 /* Preview Assets.xcassets in Resources */ = {isa = PBXBuildFile; fileRef = 445D7FC42BCEF018009DDB80 /* Preview Assets.xcassets */; };
		447A8B382BCFD142006AB85F /* Teoría in Resources */ = {isa = PBXBuildFile; fileRef = 447A8B372BCFD141006AB85F /* Teoría */; };
		44C904B92BD03D490031C33C /* NetworkStatus.swift in Sources */ = {isa = PBXBuildFile; fileRef = 44C904B82BD03D490031C33C /* NetworkStatus.swift */; };
		44C904BC2BD043660031C33C /* UnavailableNetwork.swift in Sources */ = {isa = PBXBuildFile; fileRef = 44C904BB2BD043660031C33C /* UnavailableNetwork.swift */; };
		44C904BE2BD04E3E0031C33C /* testEmpleados.json in Resources */ = {isa = PBXBuildFile; fileRef = 44C904BD2BD04E3E0031C33C /* testEmpleados.json */; };
		44C904C02BD04E500031C33C /* PreviewData.swift in Sources */ = {isa = PBXBuildFile; fileRef = 44C904BF2BD04E500031C33C /* PreviewData.swift */; };
		44C904C22BD04FE20031C33C /* PreviewViews.swift in Sources */ = {isa = PBXBuildFile; fileRef = 44C904C12BD04FE20031C33C /* PreviewViews.swift */; };
		44C904C42BD0507C0031C33C /* EmpleadoRow.swift in Sources */ = {isa = PBXBuildFile; fileRef = 44C904C32BD0507C0031C33C /* EmpleadoRow.swift */; };
		44C904C72BD05F0E0031C33C /* NavigationCustom.swift in Sources */ = {isa = PBXBuildFile; fileRef = 44C904C62BD05F0E0031C33C /* NavigationCustom.swift */; };
		44C904C92BD0607E0031C33C /* AddToolBarButton.swift in Sources */ = {isa = PBXBuildFile; fileRef = 44C904C82BD0607E0031C33C /* AddToolBarButton.swift */; };
		44C904CB2BD062320031C33C /* EditEmployeeView.swift in Sources */ = {isa = PBXBuildFile; fileRef = 44C904CA2BD062320031C33C /* EditEmployeeView.swift */; };
		44C904CD2BD0643B0031C33C /* EditEmpleadosVM.swift in Sources */ = {isa = PBXBuildFile; fileRef = 44C904CC2BD0643B0031C33C /* EditEmpleadosVM.swift */; };
		44C904CF2BD06A490031C33C /* SaiyanTextField.swift in Sources */ = {isa = PBXBuildFile; fileRef = 44C904CE2BD06A490031C33C /* SaiyanTextField.swift */; };
		44C904D12BD076420031C33C /* AlertaCustom.swift in Sources */ = {isa = PBXBuildFile; fileRef = 44C904D02BD076420031C33C /* AlertaCustom.swift */; };
/* End PBXBuildFile section */

/* Begin PBXFileReference section */
		4427C2C32BD1960100F96D8C /* SaveToolBarButton.swift */ = {isa = PBXFileReference; lastKnownFileType = sourcecode.swift; path = SaveToolBarButton.swift; sourceTree = "<group>"; };
		4427C2C62BD1A27A00F96D8C /* AccesibilityHints.swift */ = {isa = PBXFileReference; lastKnownFileType = sourcecode.swift; path = AccesibilityHints.swift; sourceTree = "<group>"; };
		444548D52BCEF143001196A4 /* APIModel.swift */ = {isa = PBXFileReference; lastKnownFileType = sourcecode.swift; path = APIModel.swift; sourceTree = "<group>"; };
		444548D72BCEF1AC001196A4 /* EnumsModel.swift */ = {isa = PBXFileReference; lastKnownFileType = sourcecode.swift; path = EnumsModel.swift; sourceTree = "<group>"; };
		444548D92BCEF2BB001196A4 /* Model.swift */ = {isa = PBXFileReference; lastKnownFileType = sourcecode.swift; path = Model.swift; sourceTree = "<group>"; };
		444548DB2BCEF4B1001196A4 /* APIPostModel.swift */ = {isa = PBXFileReference; lastKnownFileType = sourcecode.swift; path = APIPostModel.swift; sourceTree = "<group>"; };
		444548DE2BCEF7D3001196A4 /* URL.swift */ = {isa = PBXFileReference; lastKnownFileType = sourcecode.swift; path = URL.swift; sourceTree = "<group>"; };
		444548E02BCF0043001196A4 /* URLRequests.swift */ = {isa = PBXFileReference; lastKnownFileType = sourcecode.swift; path = URLRequests.swift; sourceTree = "<group>"; };
		444548E22BCF09E5001196A4 /* NetworkError.swift */ = {isa = PBXFileReference; lastKnownFileType = sourcecode.swift; path = NetworkError.swift; sourceTree = "<group>"; };
		444548E42BCF0A3F001196A4 /* URLSession.swift */ = {isa = PBXFileReference; lastKnownFileType = sourcecode.swift; path = URLSession.swift; sourceTree = "<group>"; };
		444548E62BCF0AF0001196A4 /* NetworkInteractor.swift */ = {isa = PBXFileReference; lastKnownFileType = sourcecode.swift; path = NetworkInteractor.swift; sourceTree = "<group>"; };
		444548E92BCF0FA2001196A4 /* Network.swift */ = {isa = PBXFileReference; lastKnownFileType = sourcecode.swift; path = Network.swift; sourceTree = "<group>"; };
		444548EC2BCF1727001196A4 /* EmpleadosVM.swift */ = {isa = PBXFileReference; lastKnownFileType = sourcecode.swift; path = EmpleadosVM.swift; sourceTree = "<group>"; };
		445D7FBA2BCEF016009DDB80 /* EmpleadosAPI.app */ = {isa = PBXFileReference; explicitFileType = wrapper.application; includeInIndex = 0; path = EmpleadosAPI.app; sourceTree = BUILT_PRODUCTS_DIR; };
		445D7FBD2BCEF016009DDB80 /* EmpleadosAPIApp.swift */ = {isa = PBXFileReference; lastKnownFileType = sourcecode.swift; path = EmpleadosAPIApp.swift; sourceTree = "<group>"; };
		445D7FBF2BCEF016009DDB80 /* ContentView.swift */ = {isa = PBXFileReference; lastKnownFileType = sourcecode.swift; path = ContentView.swift; sourceTree = "<group>"; };
		445D7FC12BCEF018009DDB80 /* Assets.xcassets */ = {isa = PBXFileReference; lastKnownFileType = folder.assetcatalog; path = Assets.xcassets; sourceTree = "<group>"; };
		445D7FC42BCEF018009DDB80 /* Preview Assets.xcassets */ = {isa = PBXFileReference; lastKnownFileType = folder.assetcatalog; path = "Preview Assets.xcassets"; sourceTree = "<group>"; };
		447A8B372BCFD141006AB85F /* Teoría */ = {isa = PBXFileReference; lastKnownFileType = text; path = "Teoría"; sourceTree = "<group>"; };
		44C904B82BD03D490031C33C /* NetworkStatus.swift */ = {isa = PBXFileReference; lastKnownFileType = sourcecode.swift; path = NetworkStatus.swift; sourceTree = "<group>"; };
		44C904BB2BD043660031C33C /* UnavailableNetwork.swift */ = {isa = PBXFileReference; lastKnownFileType = sourcecode.swift; path = UnavailableNetwork.swift; sourceTree = "<group>"; };
		44C904BD2BD04E3E0031C33C /* testEmpleados.json */ = {isa = PBXFileReference; fileEncoding = 4; lastKnownFileType = text.json; name = testEmpleados.json; path = ../../../../../../Downloads/testEmpleados.json; sourceTree = "<group>"; };
		44C904BF2BD04E500031C33C /* PreviewData.swift */ = {isa = PBXFileReference; lastKnownFileType = sourcecode.swift; path = PreviewData.swift; sourceTree = "<group>"; };
		44C904C12BD04FE20031C33C /* PreviewViews.swift */ = {isa = PBXFileReference; lastKnownFileType = sourcecode.swift; path = PreviewViews.swift; sourceTree = "<group>"; };
		44C904C32BD0507C0031C33C /* EmpleadoRow.swift */ = {isa = PBXFileReference; lastKnownFileType = sourcecode.swift; path = EmpleadoRow.swift; sourceTree = "<group>"; };
		44C904C62BD05F0E0031C33C /* NavigationCustom.swift */ = {isa = PBXFileReference; lastKnownFileType = sourcecode.swift; path = NavigationCustom.swift; sourceTree = "<group>"; };
		44C904C82BD0607E0031C33C /* AddToolBarButton.swift */ = {isa = PBXFileReference; lastKnownFileType = sourcecode.swift; path = AddToolBarButton.swift; sourceTree = "<group>"; };
		44C904CA2BD062320031C33C /* EditEmployeeView.swift */ = {isa = PBXFileReference; lastKnownFileType = sourcecode.swift; path = EditEmployeeView.swift; sourceTree = "<group>"; };
		44C904CC2BD0643B0031C33C /* EditEmpleadosVM.swift */ = {isa = PBXFileReference; lastKnownFileType = sourcecode.swift; path = EditEmpleadosVM.swift; sourceTree = "<group>"; };
		44C904CE2BD06A490031C33C /* SaiyanTextField.swift */ = {isa = PBXFileReference; lastKnownFileType = sourcecode.swift; path = SaiyanTextField.swift; sourceTree = "<group>"; };
		44C904D02BD076420031C33C /* AlertaCustom.swift */ = {isa = PBXFileReference; fileEncoding = 4; lastKnownFileType = sourcecode.swift; path = AlertaCustom.swift; sourceTree = "<group>"; };
/* End PBXFileReference section */

/* Begin PBXFrameworksBuildPhase section */
		445D7FB72BCEF016009DDB80 /* Frameworks */ = {
			isa = PBXFrameworksBuildPhase;
			buildActionMask = 2147483647;
			files = (
			);
			runOnlyForDeploymentPostprocessing = 0;
		};
/* End PBXFrameworksBuildPhase section */

/* Begin PBXGroup section */
		4427C2C52BD1A25E00F96D8C /* Strings */ = {
			isa = PBXGroup;
			children = (
				4427C2C62BD1A27A00F96D8C /* AccesibilityHints.swift */,
			);
			name = Strings;
			sourceTree = "<group>";
		};
		444548D42BCEF12D001196A4 /* Model */ = {
			isa = PBXGroup;
			children = (
				444548D52BCEF143001196A4 /* APIModel.swift */,
				444548D72BCEF1AC001196A4 /* EnumsModel.swift */,
				444548D92BCEF2BB001196A4 /* Model.swift */,
				444548DB2BCEF4B1001196A4 /* APIPostModel.swift */,
			);
			name = Model;
			sourceTree = "<group>";
		};
		444548DD2BCEF797001196A4 /* Interface */ = {
			isa = PBXGroup;
			children = (
				444548DE2BCEF7D3001196A4 /* URL.swift */,
				444548E02BCF0043001196A4 /* URLRequests.swift */,
				444548E22BCF09E5001196A4 /* NetworkError.swift */,
				444548E42BCF0A3F001196A4 /* URLSession.swift */,
				444548E62BCF0AF0001196A4 /* NetworkInteractor.swift */,
				44C904B82BD03D490031C33C /* NetworkStatus.swift */,
			);
			name = Interface;
			sourceTree = "<group>";
		};
		444548E82BCF0F82001196A4 /* Interactor */ = {
			isa = PBXGroup;
			children = (
				444548E92BCF0FA2001196A4 /* Network.swift */,
			);
			name = Interactor;
			sourceTree = "<group>";
		};
		444548EB2BCF170D001196A4 /* ViewModels */ = {
			isa = PBXGroup;
			children = (
				444548EC2BCF1727001196A4 /* EmpleadosVM.swift */,
				44C904CC2BD0643B0031C33C /* EditEmpleadosVM.swift */,
			);
			name = ViewModels;
			sourceTree = "<group>";
		};
		445D7FB12BCEF016009DDB80 = {
			isa = PBXGroup;
			children = (
				445D7FBC2BCEF016009DDB80 /* EmpleadosAPI */,
				445D7FBB2BCEF016009DDB80 /* Products */,
			);
			sourceTree = "<group>";
		};
		445D7FBB2BCEF016009DDB80 /* Products */ = {
			isa = PBXGroup;
			children = (
				445D7FBA2BCEF016009DDB80 /* EmpleadosAPI.app */,
			);
			name = Products;
			sourceTree = "<group>";
		};
		445D7FBC2BCEF016009DDB80 /* EmpleadosAPI */ = {
			isa = PBXGroup;
			children = (
				445D7FBD2BCEF016009DDB80 /* EmpleadosAPIApp.swift */,
				445D7FBF2BCEF016009DDB80 /* ContentView.swift */,
				44C904CA2BD062320031C33C /* EditEmployeeView.swift */,
				44C904BA2BD043500031C33C /* Components */,
				44C904C52BD05EFA0031C33C /* Modifiers */,
				444548EB2BCF170D001196A4 /* ViewModels */,
				444548E82BCF0F82001196A4 /* Interactor */,
				444548DD2BCEF797001196A4 /* Interface */,
				444548D42BCEF12D001196A4 /* Model */,
				4427C2C52BD1A25E00F96D8C /* Strings */,
				445D7FC12BCEF018009DDB80 /* Assets.xcassets */,
				445D7FC32BCEF018009DDB80 /* Preview Content */,
				447A8B372BCFD141006AB85F /* Teoría */,
			);
			path = EmpleadosAPI;
			sourceTree = "<group>";
		};
		445D7FC32BCEF018009DDB80 /* Preview Content */ = {
			isa = PBXGroup;
			children = (
				44C904BD2BD04E3E0031C33C /* testEmpleados.json */,
				445D7FC42BCEF018009DDB80 /* Preview Assets.xcassets */,
				44C904BF2BD04E500031C33C /* PreviewData.swift */,
				44C904C12BD04FE20031C33C /* PreviewViews.swift */,
			);
			path = "Preview Content";
			sourceTree = "<group>";
		};
		44C904BA2BD043500031C33C /* Components */ = {
			isa = PBXGroup;
			children = (
				44C904C32BD0507C0031C33C /* EmpleadoRow.swift */,
				44C904CE2BD06A490031C33C /* SaiyanTextField.swift */,
			);
			name = Components;
			sourceTree = "<group>";
		};
		44C904C52BD05EFA0031C33C /* Modifiers */ = {
			isa = PBXGroup;
			children = (
				44C904BB2BD043660031C33C /* UnavailableNetwork.swift */,
				44C904C62BD05F0E0031C33C /* NavigationCustom.swift */,
				44C904C82BD0607E0031C33C /* AddToolBarButton.swift */,
				4427C2C32BD1960100F96D8C /* SaveToolBarButton.swift */,
				44C904D02BD076420031C33C /* AlertaCustom.swift */,
			);
			name = Modifiers;
			sourceTree = "<group>";
		};
/* End PBXGroup section */

/* Begin PBXNativeTarget section */
		445D7FB92BCEF016009DDB80 /* EmpleadosAPI */ = {
			isa = PBXNativeTarget;
			buildConfigurationList = 445D7FC82BCEF018009DDB80 /* Build configuration list for PBXNativeTarget "EmpleadosAPI" */;
			buildPhases = (
				445D7FB62BCEF016009DDB80 /* Sources */,
				445D7FB72BCEF016009DDB80 /* Frameworks */,
				445D7FB82BCEF016009DDB80 /* Resources */,
			);
			buildRules = (
			);
			dependencies = (
			);
			name = EmpleadosAPI;
			productName = EmpleadosAPI;
			productReference = 445D7FBA2BCEF016009DDB80 /* EmpleadosAPI.app */;
			productType = "com.apple.product-type.application";
		};
/* End PBXNativeTarget section */

/* Begin PBXProject section */
		445D7FB22BCEF016009DDB80 /* Project object */ = {
			isa = PBXProject;
			attributes = {
				BuildIndependentTargetsInParallel = 1;
				LastSwiftUpdateCheck = 1530;
				LastUpgradeCheck = 1530;
				TargetAttributes = {
					445D7FB92BCEF016009DDB80 = {
						CreatedOnToolsVersion = 15.3;
					};
				};
			};
			buildConfigurationList = 445D7FB52BCEF016009DDB80 /* Build configuration list for PBXProject "EmpleadosAPI" */;
			compatibilityVersion = "Xcode 14.0";
			developmentRegion = en;
			hasScannedForEncodings = 0;
			knownRegions = (
				en,
				Base,
			);
			mainGroup = 445D7FB12BCEF016009DDB80;
			productRefGroup = 445D7FBB2BCEF016009DDB80 /* Products */;
			projectDirPath = "";
			projectRoot = "";
			targets = (
				445D7FB92BCEF016009DDB80 /* EmpleadosAPI */,
			);
		};
/* End PBXProject section */

/* Begin PBXResourcesBuildPhase section */
		445D7FB82BCEF016009DDB80 /* Resources */ = {
			isa = PBXResourcesBuildPhase;
			buildActionMask = 2147483647;
			files = (
				44C904BE2BD04E3E0031C33C /* testEmpleados.json in Resources */,
				447A8B382BCFD142006AB85F /* Teoría in Resources */,
				445D7FC52BCEF018009DDB80 /* Preview Assets.xcassets in Resources */,
				445D7FC22BCEF018009DDB80 /* Assets.xcassets in Resources */,
			);
			runOnlyForDeploymentPostprocessing = 0;
		};
/* End PBXResourcesBuildPhase section */

/* Begin PBXSourcesBuildPhase section */
		445D7FB62BCEF016009DDB80 /* Sources */ = {
			isa = PBXSourcesBuildPhase;
			buildActionMask = 2147483647;
			files = (
				444548DA2BCEF2BB001196A4 /* Model.swift in Sources */,
				4427C2C72BD1A27A00F96D8C /* AccesibilityHints.swift in Sources */,
				44C904C22BD04FE20031C33C /* PreviewViews.swift in Sources */,
				444548D82BCEF1AC001196A4 /* EnumsModel.swift in Sources */,
				444548EA2BCF0FA2001196A4 /* Network.swift in Sources */,
				444548E52BCF0A3F001196A4 /* URLSession.swift in Sources */,
				444548E72BCF0AF0001196A4 /* NetworkInteractor.swift in Sources */,
				444548DC2BCEF4B1001196A4 /* APIPostModel.swift in Sources */,
				44C904CD2BD0643B0031C33C /* EditEmpleadosVM.swift in Sources */,
				44C904B92BD03D490031C33C /* NetworkStatus.swift in Sources */,
				444548E12BCF0043001196A4 /* URLRequests.swift in Sources */,
				44C904C92BD0607E0031C33C /* AddToolBarButton.swift in Sources */,
				44C904C02BD04E500031C33C /* PreviewData.swift in Sources */,
				44C904CF2BD06A490031C33C /* SaiyanTextField.swift in Sources */,
				444548DF2BCEF7D3001196A4 /* URL.swift in Sources */,
				445D7FC02BCEF016009DDB80 /* ContentView.swift in Sources */,
				44C904BC2BD043660031C33C /* UnavailableNetwork.swift in Sources */,
				444548E32BCF09E5001196A4 /* NetworkError.swift in Sources */,
				44C904D12BD076420031C33C /* AlertaCustom.swift in Sources */,
				4427C2C42BD1960100F96D8C /* SaveToolBarButton.swift in Sources */,
				444548D62BCEF143001196A4 /* APIModel.swift in Sources */,
				44C904C42BD0507C0031C33C /* EmpleadoRow.swift in Sources */,
				44C904CB2BD062320031C33C /* EditEmployeeView.swift in Sources */,
				445D7FBE2BCEF016009DDB80 /* EmpleadosAPIApp.swift in Sources */,
				444548ED2BCF1727001196A4 /* EmpleadosVM.swift in Sources */,
				44C904C72BD05F0E0031C33C /* NavigationCustom.swift in Sources */,
			);
			runOnlyForDeploymentPostprocessing = 0;
		};
/* End PBXSourcesBuildPhase section */

/* Begin XCBuildConfiguration section */
		445D7FC62BCEF018009DDB80 /* Debug */ = {
			isa = XCBuildConfiguration;
			buildSettings = {
				ALWAYS_SEARCH_USER_PATHS = NO;
				ASSETCATALOG_COMPILER_GENERATE_SWIFT_ASSET_SYMBOL_EXTENSIONS = YES;
				CLANG_ANALYZER_NONNULL = YES;
				CLANG_ANALYZER_NUMBER_OBJECT_CONVERSION = YES_AGGRESSIVE;
				CLANG_CXX_LANGUAGE_STANDARD = "gnu++20";
				CLANG_ENABLE_MODULES = YES;
				CLANG_ENABLE_OBJC_ARC = YES;
				CLANG_ENABLE_OBJC_WEAK = YES;
				CLANG_WARN_BLOCK_CAPTURE_AUTORELEASING = YES;
				CLANG_WARN_BOOL_CONVERSION = YES;
				CLANG_WARN_COMMA = YES;
				CLANG_WARN_CONSTANT_CONVERSION = YES;
				CLANG_WARN_DEPRECATED_OBJC_IMPLEMENTATIONS = YES;
				CLANG_WARN_DIRECT_OBJC_ISA_USAGE = YES_ERROR;
				CLANG_WARN_DOCUMENTATION_COMMENTS = YES;
				CLANG_WARN_EMPTY_BODY = YES;
				CLANG_WARN_ENUM_CONVERSION = YES;
				CLANG_WARN_INFINITE_RECURSION = YES;
				CLANG_WARN_INT_CONVERSION = YES;
				CLANG_WARN_NON_LITERAL_NULL_CONVERSION = YES;
				CLANG_WARN_OBJC_IMPLICIT_RETAIN_SELF = YES;
				CLANG_WARN_OBJC_LITERAL_CONVERSION = YES;
				CLANG_WARN_OBJC_ROOT_CLASS = YES_ERROR;
				CLANG_WARN_QUOTED_INCLUDE_IN_FRAMEWORK_HEADER = YES;
				CLANG_WARN_RANGE_LOOP_ANALYSIS = YES;
				CLANG_WARN_STRICT_PROTOTYPES = YES;
				CLANG_WARN_SUSPICIOUS_MOVE = YES;
				CLANG_WARN_UNGUARDED_AVAILABILITY = YES_AGGRESSIVE;
				CLANG_WARN_UNREACHABLE_CODE = YES;
				CLANG_WARN__DUPLICATE_METHOD_MATCH = YES;
				COPY_PHASE_STRIP = NO;
				DEBUG_INFORMATION_FORMAT = dwarf;
				ENABLE_STRICT_OBJC_MSGSEND = YES;
				ENABLE_TESTABILITY = YES;
				ENABLE_USER_SCRIPT_SANDBOXING = YES;
				GCC_C_LANGUAGE_STANDARD = gnu17;
				GCC_DYNAMIC_NO_PIC = NO;
				GCC_NO_COMMON_BLOCKS = YES;
				GCC_OPTIMIZATION_LEVEL = 0;
				GCC_PREPROCESSOR_DEFINITIONS = (
					"DEBUG=1",
					"$(inherited)",
				);
				GCC_WARN_64_TO_32_BIT_CONVERSION = YES;
				GCC_WARN_ABOUT_RETURN_TYPE = YES_ERROR;
				GCC_WARN_UNDECLARED_SELECTOR = YES;
				GCC_WARN_UNINITIALIZED_AUTOS = YES_AGGRESSIVE;
				GCC_WARN_UNUSED_FUNCTION = YES;
				GCC_WARN_UNUSED_VARIABLE = YES;
				IPHONEOS_DEPLOYMENT_TARGET = 17.4;
				LOCALIZATION_PREFERS_STRING_CATALOGS = YES;
				MTL_ENABLE_DEBUG_INFO = INCLUDE_SOURCE;
				MTL_FAST_MATH = YES;
				ONLY_ACTIVE_ARCH = YES;
				SDKROOT = iphoneos;
				SWIFT_ACTIVE_COMPILATION_CONDITIONS = "DEBUG $(inherited)";
				SWIFT_OPTIMIZATION_LEVEL = "-Onone";
			};
			name = Debug;
		};
		445D7FC72BCEF018009DDB80 /* Release */ = {
			isa = XCBuildConfiguration;
			buildSettings = {
				ALWAYS_SEARCH_USER_PATHS = NO;
				ASSETCATALOG_COMPILER_GENERATE_SWIFT_ASSET_SYMBOL_EXTENSIONS = YES;
				CLANG_ANALYZER_NONNULL = YES;
				CLANG_ANALYZER_NUMBER_OBJECT_CONVERSION = YES_AGGRESSIVE;
				CLANG_CXX_LANGUAGE_STANDARD = "gnu++20";
				CLANG_ENABLE_MODULES = YES;
				CLANG_ENABLE_OBJC_ARC = YES;
				CLANG_ENABLE_OBJC_WEAK = YES;
				CLANG_WARN_BLOCK_CAPTURE_AUTORELEASING = YES;
				CLANG_WARN_BOOL_CONVERSION = YES;
				CLANG_WARN_COMMA = YES;
				CLANG_WARN_CONSTANT_CONVERSION = YES;
				CLANG_WARN_DEPRECATED_OBJC_IMPLEMENTATIONS = YES;
				CLANG_WARN_DIRECT_OBJC_ISA_USAGE = YES_ERROR;
				CLANG_WARN_DOCUMENTATION_COMMENTS = YES;
				CLANG_WARN_EMPTY_BODY = YES;
				CLANG_WARN_ENUM_CONVERSION = YES;
				CLANG_WARN_INFINITE_RECURSION = YES;
				CLANG_WARN_INT_CONVERSION = YES;
				CLANG_WARN_NON_LITERAL_NULL_CONVERSION = YES;
				CLANG_WARN_OBJC_IMPLICIT_RETAIN_SELF = YES;
				CLANG_WARN_OBJC_LITERAL_CONVERSION = YES;
				CLANG_WARN_OBJC_ROOT_CLASS = YES_ERROR;
				CLANG_WARN_QUOTED_INCLUDE_IN_FRAMEWORK_HEADER = YES;
				CLANG_WARN_RANGE_LOOP_ANALYSIS = YES;
				CLANG_WARN_STRICT_PROTOTYPES = YES;
				CLANG_WARN_SUSPICIOUS_MOVE = YES;
				CLANG_WARN_UNGUARDED_AVAILABILITY = YES_AGGRESSIVE;
				CLANG_WARN_UNREACHABLE_CODE = YES;
				CLANG_WARN__DUPLICATE_METHOD_MATCH = YES;
				COPY_PHASE_STRIP = NO;
				DEBUG_INFORMATION_FORMAT = "dwarf-with-dsym";
				ENABLE_NS_ASSERTIONS = NO;
				ENABLE_STRICT_OBJC_MSGSEND = YES;
				ENABLE_USER_SCRIPT_SANDBOXING = YES;
				GCC_C_LANGUAGE_STANDARD = gnu17;
				GCC_NO_COMMON_BLOCKS = YES;
				GCC_WARN_64_TO_32_BIT_CONVERSION = YES;
				GCC_WARN_ABOUT_RETURN_TYPE = YES_ERROR;
				GCC_WARN_UNDECLARED_SELECTOR = YES;
				GCC_WARN_UNINITIALIZED_AUTOS = YES_AGGRESSIVE;
				GCC_WARN_UNUSED_FUNCTION = YES;
				GCC_WARN_UNUSED_VARIABLE = YES;
				IPHONEOS_DEPLOYMENT_TARGET = 17.4;
				LOCALIZATION_PREFERS_STRING_CATALOGS = YES;
				MTL_ENABLE_DEBUG_INFO = NO;
				MTL_FAST_MATH = YES;
				SDKROOT = iphoneos;
				SWIFT_COMPILATION_MODE = wholemodule;
				VALIDATE_PRODUCT = YES;
			};
			name = Release;
		};
		445D7FC92BCEF018009DDB80 /* Debug */ = {
			isa = XCBuildConfiguration;
			buildSettings = {
				ASSETCATALOG_COMPILER_APPICON_NAME = AppIcon;
				ASSETCATALOG_COMPILER_GLOBAL_ACCENT_COLOR_NAME = AccentColor;
				CODE_SIGN_STYLE = Automatic;
				CURRENT_PROJECT_VERSION = 1;
				DEVELOPMENT_ASSET_PATHS = "\"EmpleadosAPI/Preview Content\"";
				ENABLE_PREVIEWS = YES;
				GENERATE_INFOPLIST_FILE = YES;
				INFOPLIST_KEY_UIApplicationSceneManifest_Generation = YES;
				INFOPLIST_KEY_UIApplicationSupportsIndirectInputEvents = YES;
				INFOPLIST_KEY_UILaunchScreen_Generation = YES;
				INFOPLIST_KEY_UISupportedInterfaceOrientations_iPad = "UIInterfaceOrientationPortrait UIInterfaceOrientationPortraitUpsideDown UIInterfaceOrientationLandscapeLeft UIInterfaceOrientationLandscapeRight";
				INFOPLIST_KEY_UISupportedInterfaceOrientations_iPhone = "UIInterfaceOrientationPortrait UIInterfaceOrientationLandscapeLeft UIInterfaceOrientationLandscapeRight";
				LD_RUNPATH_SEARCH_PATHS = (
					"$(inherited)",
					"@executable_path/Frameworks",
				);
				MARKETING_VERSION = 1.0;
				PRODUCT_BUNDLE_IDENTIFIER = com.JRG79.EmpleadosAPI;
				PRODUCT_NAME = "$(TARGET_NAME)";
				SUPPORTED_PLATFORMS = "iphoneos iphonesimulator";
				SUPPORTS_MACCATALYST = NO;
				SUPPORTS_MAC_DESIGNED_FOR_IPHONE_IPAD = NO;
				SUPPORTS_XR_DESIGNED_FOR_IPHONE_IPAD = NO;
				SWIFT_EMIT_LOC_STRINGS = YES;
				SWIFT_VERSION = 5.0;
				TARGETED_DEVICE_FAMILY = "1,2";
			};
			name = Debug;
		};
		445D7FCA2BCEF018009DDB80 /* Release */ = {
			isa = XCBuildConfiguration;
			buildSettings = {
				ASSETCATALOG_COMPILER_APPICON_NAME = AppIcon;
				ASSETCATALOG_COMPILER_GLOBAL_ACCENT_COLOR_NAME = AccentColor;
				CODE_SIGN_STYLE = Automatic;
				CURRENT_PROJECT_VERSION = 1;
				DEVELOPMENT_ASSET_PATHS = "\"EmpleadosAPI/Preview Content\"";
				ENABLE_PREVIEWS = YES;
				GENERATE_INFOPLIST_FILE = YES;
				INFOPLIST_KEY_UIApplicationSceneManifest_Generation = YES;
				INFOPLIST_KEY_UIApplicationSupportsIndirectInputEvents = YES;
				INFOPLIST_KEY_UILaunchScreen_Generation = YES;
				INFOPLIST_KEY_UISupportedInterfaceOrientations_iPad = "UIInterfaceOrientationPortrait UIInterfaceOrientationPortraitUpsideDown UIInterfaceOrientationLandscapeLeft UIInterfaceOrientationLandscapeRight";
				INFOPLIST_KEY_UISupportedInterfaceOrientations_iPhone = "UIInterfaceOrientationPortrait UIInterfaceOrientationLandscapeLeft UIInterfaceOrientationLandscapeRight";
				LD_RUNPATH_SEARCH_PATHS = (
					"$(inherited)",
					"@executable_path/Frameworks",
				);
				MARKETING_VERSION = 1.0;
				PRODUCT_BUNDLE_IDENTIFIER = com.JRG79.EmpleadosAPI;
				PRODUCT_NAME = "$(TARGET_NAME)";
				SUPPORTED_PLATFORMS = "iphoneos iphonesimulator";
				SUPPORTS_MACCATALYST = NO;
				SUPPORTS_MAC_DESIGNED_FOR_IPHONE_IPAD = NO;
				SUPPORTS_XR_DESIGNED_FOR_IPHONE_IPAD = NO;
				SWIFT_EMIT_LOC_STRINGS = YES;
				SWIFT_VERSION = 5.0;
				TARGETED_DEVICE_FAMILY = "1,2";
			};
			name = Release;
		};
/* End XCBuildConfiguration section */

/* Begin XCConfigurationList section */
		445D7FB52BCEF016009DDB80 /* Build configuration list for PBXProject "EmpleadosAPI" */ = {
			isa = XCConfigurationList;
			buildConfigurations = (
				445D7FC62BCEF018009DDB80 /* Debug */,
				445D7FC72BCEF018009DDB80 /* Release */,
			);
			defaultConfigurationIsVisible = 0;
			defaultConfigurationName = Release;
		};
		445D7FC82BCEF018009DDB80 /* Build configuration list for PBXNativeTarget "EmpleadosAPI" */ = {
			isa = XCConfigurationList;
			buildConfigurations = (
				445D7FC92BCEF018009DDB80 /* Debug */,
				445D7FCA2BCEF018009DDB80 /* Release */,
			);
			defaultConfigurationIsVisible = 0;
			defaultConfigurationName = Release;
		};
/* End XCConfigurationList section */
	};
	rootObject = 445D7FB22BCEF016009DDB80 /* Project object */;
}
